
Microsoft Visual Studio Solution File, Format Version 12.00
# Visual Studio Version 16
VisualStudioVersion = 16.0.31402.337
MinimumVisualStudioVersion = 10.0.40219.1
Project("{9A19103F-16F7-4668-BE54-9A1E7A4F7556}") = "BScodeWeb", "BScodeWeb\BScodeWeb.csproj", "{503E4461-3B22-4740-91CD-EC958A5E9632}"
EndProject
Project("{FAE04EC0-301F-11D3-BF4B-00C04F79EFBC}") = "BSCodeModels_Lib", "BSCodeModels_Lib\BSCodeModels_Lib.csproj", "{6EF70C49-69A2-4CB3-AC58-E1DF390E4315}"
EndProject
Project("{FAE04EC0-301F-11D3-BF4B-00C04F79EFBC}") = "BSCodeAPI", "BSCodeAPI\BSCodeAPI.csproj", "{0782BAA6-99E1-469D-9E35-A288D38F7C90}"
EndProject
Global
	GlobalSection(SolutionConfigurationPlatforms) = preSolution
		Debug|Any CPU = Debug|Any CPU
		Release|Any CPU = Release|Any CPU
	EndGlobalSection
	GlobalSection(ProjectConfigurationPlatforms) = postSolution
		{503E4461-3B22-4740-91CD-EC958A5E9632}.Debug|Any CPU.ActiveCfg = Debug|Any CPU
		{503E4461-3B22-4740-91CD-EC958A5E9632}.Debug|Any CPU.Build.0 = Debug|Any CPU
		{503E4461-3B22-4740-91CD-EC958A5E9632}.Release|Any CPU.ActiveCfg = Release|Any CPU
		{503E4461-3B22-4740-91CD-EC958A5E9632}.Release|Any CPU.Build.0 = Release|Any CPU
		{6EF70C49-69A2-4CB3-AC58-E1DF390E4315}.Debug|Any CPU.ActiveCfg = Debug|Any CPU
		{6EF70C49-69A2-4CB3-AC58-E1DF390E4315}.Debug|Any CPU.Build.0 = Debug|Any CPU
		{6EF70C49-69A2-4CB3-AC58-E1DF390E4315}.Release|Any CPU.ActiveCfg = Release|Any CPU
		{6EF70C49-69A2-4CB3-AC58-E1DF390E4315}.Release|Any CPU.Build.0 = Release|Any CPU
		{0782BAA6-99E1-469D-9E35-A288D38F7C90}.Debug|Any CPU.ActiveCfg = Debug|Any CPU
		{0782BAA6-99E1-469D-9E35-A288D38F7C90}.Debug|Any CPU.Build.0 = Debug|Any CPU
		{0782BAA6-99E1-469D-9E35-A288D38F7C90}.Release|Any CPU.ActiveCfg = Release|Any CPU
		{0782BAA6-99E1-469D-9E35-A288D38F7C90}.Release|Any CPU.Build.0 = Release|Any CPU
	EndGlobalSection
	GlobalSection(SolutionProperties) = preSolution
		HideSolutionNode = FALSE
	EndGlobalSection
	GlobalSection(ExtensibilityGlobals) = postSolution
		SolutionGuid = {19F5635F-D370-4DDC-B9A1-65835616C798}
	EndGlobalSection
EndGlobal
